{
  "_readme": [
    "This file locks the dependencies of your project to a known state",
    "Read more about it at https://getcomposer.org/doc/01-basic-usage.md#installing-dependencies",
    "This file is @generated automatically"
  ],
  "content-hash": "3d5523b7a66b8ca60abead38f80adc0a",
  "packages": [],
  "packages-dev": [],
  "aliases": [],
  "minimum-stability": "stable",
  "stability-flags": [],
  "prefer-stable": false,
  "prefer-lowest": false,
  "platform": {
    "ext-sockets": "*",
    "ext-json": "*",
    "ext-pdo": "*",
    "ext-mbstring": "*",
    "ext-zip": "*",
    "ext-openssl": "*",
    "ext-curl": "*",
    "ext-iconv": "*",
    "ext-redis": "*",
    "ext-fileinfo": "*"
  },
  "platform-dev": [],
  "plugin-api-version": "2.3.0"
}
